// !$*UTF8*$!
{
	archiveVersion = 1;
	classes = {
	};
	objectVersion = 46;
	objects = {

/* Begin PBXBuildFile section */
		0418AD571E8E0A16007D8A00 /* ProgrammaticallyCreatingConstraints.m in Sources */ = {isa = PBXBuildFile; fileRef = 0418AD561E8E0A16007D8A00 /* ProgrammaticallyCreatingConstraints.m */; };
		0418AD5C1E8E0B9A007D8A00 /* LayoutAnchorsViewController.m in Sources */ = {isa = PBXBuildFile; fileRef = 0418AD5B1E8E0B9A007D8A00 /* LayoutAnchorsViewController.m */; };
		0418AD5F1E8E0BA6007D8A00 /* NSLayoutConstraintViewController.m in Sources */ = {isa = PBXBuildFile; fileRef = 0418AD5E1E8E0BA6007D8A00 /* NSLayoutConstraintViewController.m */; };
		0418AD621E8E0BB7007D8A00 /* VisualFormatLanguageViewController.m in Sources */ = {isa = PBXBuildFile; fileRef = 0418AD611E8E0BB7007D8A00 /* VisualFormatLanguageViewController.m */; };
		0418AD681E8E3170007D8A00 /* ProgrammaticallyCreatingConstraints.xib in Resources */ = {isa = PBXBuildFile; fileRef = 0418AD671E8E3170007D8A00 /* ProgrammaticallyCreatingConstraints.xib */; };
		0441D3191DF3C5880031D599 /* main.m in Sources */ = {isa = PBXBuildFile; fileRef = 0441D3181DF3C5880031D599 /* main.m */; };
		0441D31C1DF3C5880031D599 /* AppDelegate.m in Sources */ = {isa = PBXBuildFile; fileRef = 0441D31B1DF3C5880031D599 /* AppDelegate.m */; };
		0441D3221DF3C5880031D599 /* Main.storyboard in Resources */ = {isa = PBXBuildFile; fileRef = 0441D3201DF3C5880031D599 /* Main.storyboard */; };
		0441D3241DF3C5880031D599 /* Assets.xcassets in Resources */ = {isa = PBXBuildFile; fileRef = 0441D3231DF3C5880031D599 /* Assets.xcassets */; };
		0441D3271DF3C5880031D599 /* LaunchScreen.storyboard in Resources */ = {isa = PBXBuildFile; fileRef = 0441D3251DF3C5880031D599 /* LaunchScreen.storyboard */; };
		0441D3321DF3C5880031D599 /* AboutUIViewTests.m in Sources */ = {isa = PBXBuildFile; fileRef = 0441D3311DF3C5880031D599 /* AboutUIViewTests.m */; };
		0441D33D1DF3C5880031D599 /* AboutUIViewUITests.m in Sources */ = {isa = PBXBuildFile; fileRef = 0441D33C1DF3C5880031D599 /* AboutUIViewUITests.m */; };
		0441D34C1DF3C6000031D599 /* HomeTableViewController.m in Sources */ = {isa = PBXBuildFile; fileRef = 0441D34B1DF3C6000031D599 /* HomeTableViewController.m */; };
		0441D3571DF3C7D40031D599 /* DrawRectMethodViewController.m in Sources */ = {isa = PBXBuildFile; fileRef = 0441D3551DF3C7D40031D599 /* DrawRectMethodViewController.m */; };
		0441D3581DF3C7D40031D599 /* DrawRectMethodViewController.xib in Resources */ = {isa = PBXBuildFile; fileRef = 0441D3561DF3C7D40031D599 /* DrawRectMethodViewController.xib */; };
		0441D35B1DF3CF8B0031D599 /* DrawRectDemoOneView.m in Sources */ = {isa = PBXBuildFile; fileRef = 0441D35A1DF3CF8B0031D599 /* DrawRectDemoOneView.m */; };
		0441D3631DF3EE4F0031D599 /* ResizableImageViewController.m in Sources */ = {isa = PBXBuildFile; fileRef = 0441D3611DF3EE4F0031D599 /* ResizableImageViewController.m */; };
		0441D3641DF3EE4F0031D599 /* ResizableImageViewController.xib in Resources */ = {isa = PBXBuildFile; fileRef = 0441D3621DF3EE4F0031D599 /* ResizableImageViewController.xib */; };
		0441D36C1DF40F7B0031D599 /* BoundsFrameCenterViewController.m in Sources */ = {isa = PBXBuildFile; fileRef = 0441D36A1DF40F7B0031D599 /* BoundsFrameCenterViewController.m */; };
		0441D36D1DF40F7B0031D599 /* BoundsFrameCenterViewController.xib in Resources */ = {isa = PBXBuildFile; fileRef = 0441D36B1DF40F7B0031D599 /* BoundsFrameCenterViewController.xib */; };
		0441D3751DF460530031D599 /* AutoLayout_VFLViewController.m in Sources */ = {isa = PBXBuildFile; fileRef = 0441D3731DF460530031D599 /* AutoLayout_VFLViewController.m */; };
		0441D3761DF460530031D599 /* AutoLayout_VFLViewController.xib in Resources */ = {isa = PBXBuildFile; fileRef = 0441D3741DF460530031D599 /* AutoLayout_VFLViewController.xib */; };
		04CE458D1E7B92430035BBC9 /* ConvertingCoordinatesViewController.m in Sources */ = {isa = PBXBuildFile; fileRef = 04CE458C1E7B92430035BBC9 /* ConvertingCoordinatesViewController.m */; };
		04D9CD761E725B7300F80E30 /* AutoLayoutViewController.m in Sources */ = {isa = PBXBuildFile; fileRef = 04D9CD751E725B7300F80E30 /* AutoLayoutViewController.m */; };
/* End PBXBuildFile section */

/* Begin PBXContainerItemProxy section */
		0441D32E1DF3C5880031D599 /* PBXContainerItemProxy */ = {
			isa = PBXContainerItemProxy;
			containerPortal = 0441D30C1DF3C5880031D599 /* Project object */;
			proxyType = 1;
			remoteGlobalIDString = 0441D3131DF3C5880031D599;
			remoteInfo = AboutUIView;
		};
		0441D3391DF3C5880031D599 /* PBXContainerItemProxy */ = {
			isa = PBXContainerItemProxy;
			containerPortal = 0441D30C1DF3C5880031D599 /* Project object */;
			proxyType = 1;
			remoteGlobalIDString = 0441D3131DF3C5880031D599;
			remoteInfo = AboutUIView;
		};
/* End PBXContainerItemProxy section */

/* Begin PBXFileReference section */
		0418AD551E8E0A16007D8A00 /* ProgrammaticallyCreatingConstraints.h */ = {isa = PBXFileReference; fileEncoding = 4; lastKnownFileType = sourcecode.c.h; path = ProgrammaticallyCreatingConstraints.h; sourceTree = "<group>"; };
		0418AD561E8E0A16007D8A00 /* ProgrammaticallyCreatingConstraints.m */ = {isa = PBXFileReference; fileEncoding = 4; lastKnownFileType = sourcecode.c.objc; path = ProgrammaticallyCreatingConstraints.m; sourceTree = "<group>"; };
		0418AD5A1E8E0B9A007D8A00 /* LayoutAnchorsViewController.h */ = {isa = PBXFileReference; fileEncoding = 4; lastKnownFileType = sourcecode.c.h; path = LayoutAnchorsViewController.h; sourceTree = "<group>"; };
		0418AD5B1E8E0B9A007D8A00 /* LayoutAnchorsViewController.m */ = {isa = PBXFileReference; fileEncoding = 4; lastKnownFileType = sourcecode.c.objc; path = LayoutAnchorsViewController.m; sourceTree = "<group>"; };
		0418AD5D1E8E0BA6007D8A00 /* NSLayoutConstraintViewController.h */ = {isa = PBXFileReference; fileEncoding = 4; lastKnownFileType = sourcecode.c.h; path = NSLayoutConstraintViewController.h; sourceTree = "<group>"; };
		0418AD5E1E8E0BA6007D8A00 /* NSLayoutConstraintViewController.m */ = {isa = PBXFileReference; fileEncoding = 4; lastKnownFileType = sourcecode.c.objc; path = NSLayoutConstraintViewController.m; sourceTree = "<group>"; };
		0418AD601E8E0BB7007D8A00 /* VisualFormatLanguageViewController.h */ = {isa = PBXFileReference; fileEncoding = 4; lastKnownFileType = sourcecode.c.h; path = VisualFormatLanguageViewController.h; sourceTree = "<group>"; };
		0418AD611E8E0BB7007D8A00 /* VisualFormatLanguageViewController.m */ = {isa = PBXFileReference; fileEncoding = 4; lastKnownFileType = sourcecode.c.objc; path = VisualFormatLanguageViewController.m; sourceTree = "<group>"; };
		0418AD671E8E3170007D8A00 /* ProgrammaticallyCreatingConstraints.xib */ = {isa = PBXFileReference; fileEncoding = 4; lastKnownFileType = file.xib; path = ProgrammaticallyCreatingConstraints.xib; sourceTree = "<group>"; };
		0441D3141DF3C5880031D599 /* AboutUIView.app */ = {isa = PBXFileReference; explicitFileType = wrapper.application; includeInIndex = 0; path = AboutUIView.app; sourceTree = BUILT_PRODUCTS_DIR; };
		0441D3181DF3C5880031D599 /* main.m */ = {isa = PBXFileReference; lastKnownFileType = sourcecode.c.objc; path = main.m; sourceTree = "<group>"; };
		0441D31A1DF3C5880031D599 /* AppDelegate.h */ = {isa = PBXFileReference; lastKnownFileType = sourcecode.c.h; path = AppDelegate.h; sourceTree = "<group>"; };
		0441D31B1DF3C5880031D599 /* AppDelegate.m */ = {isa = PBXFileReference; lastKnownFileType = sourcecode.c.objc; path = AppDelegate.m; sourceTree = "<group>"; };
		0441D3211DF3C5880031D599 /* Base */ = {isa = PBXFileReference; lastKnownFileType = file.storyboard; name = Base; path = Base.lproj/Main.storyboard; sourceTree = "<group>"; };
		0441D3231DF3C5880031D599 /* Assets.xcassets */ = {isa = PBXFileReference; lastKnownFileType = folder.assetcatalog; path = Assets.xcassets; sourceTree = "<group>"; };
		0441D3261DF3C5880031D599 /* Base */ = {isa = PBXFileReference; lastKnownFileType = file.storyboard; name = Base; path = Base.lproj/LaunchScreen.storyboard; sourceTree = "<group>"; };
		0441D3281DF3C5880031D599 /* Info.plist */ = {isa = PBXFileReference; lastKnownFileType = text.plist.xml; path = Info.plist; sourceTree = "<group>"; };
		0441D32D1DF3C5880031D599 /* AboutUIViewTests.xctest */ = {isa = PBXFileReference; explicitFileType = wrapper.cfbundle; includeInIndex = 0; path = AboutUIViewTests.xctest; sourceTree = BUILT_PRODUCTS_DIR; };
		0441D3311DF3C5880031D599 /* AboutUIViewTests.m */ = {isa = PBXFileReference; lastKnownFileType = sourcecode.c.objc; path = AboutUIViewTests.m; sourceTree = "<group>"; };
		0441D3331DF3C5880031D599 /* Info.plist */ = {isa = PBXFileReference; lastKnownFileType = text.plist.xml; path = Info.plist; sourceTree = "<group>"; };
		0441D3381DF3C5880031D599 /* AboutUIViewUITests.xctest */ = {isa = PBXFileReference; explicitFileType = wrapper.cfbundle; includeInIndex = 0; path = AboutUIViewUITests.xctest; sourceTree = BUILT_PRODUCTS_DIR; };
		0441D33C1DF3C5880031D599 /* AboutUIViewUITests.m */ = {isa = PBXFileReference; lastKnownFileType = sourcecode.c.objc; path = AboutUIViewUITests.m; sourceTree = "<group>"; };
		0441D33E1DF3C5880031D599 /* Info.plist */ = {isa = PBXFileReference; lastKnownFileType = text.plist.xml; path = Info.plist; sourceTree = "<group>"; };
		0441D34A1DF3C6000031D599 /* HomeTableViewController.h */ = {isa = PBXFileReference; fileEncoding = 4; lastKnownFileType = sourcecode.c.h; path = HomeTableViewController.h; sourceTree = "<group>"; };
		0441D34B1DF3C6000031D599 /* HomeTableViewController.m */ = {isa = PBXFileReference; fileEncoding = 4; lastKnownFileType = sourcecode.c.objc; path = HomeTableViewController.m; sourceTree = "<group>"; };
		0441D3541DF3C7D40031D599 /* DrawRectMethodViewController.h */ = {isa = PBXFileReference; fileEncoding = 4; lastKnownFileType = sourcecode.c.h; path = DrawRectMethodViewController.h; sourceTree = "<group>"; };
		0441D3551DF3C7D40031D599 /* DrawRectMethodViewController.m */ = {isa = PBXFileReference; fileEncoding = 4; lastKnownFileType = sourcecode.c.objc; path = DrawRectMethodViewController.m; sourceTree = "<group>"; };
		0441D3561DF3C7D40031D599 /* DrawRectMethodViewController.xib */ = {isa = PBXFileReference; fileEncoding = 4; lastKnownFileType = file.xib; path = DrawRectMethodViewController.xib; sourceTree = "<group>"; };
		0441D3591DF3CF8A0031D599 /* DrawRectDemoOneView.h */ = {isa = PBXFileReference; fileEncoding = 4; lastKnownFileType = sourcecode.c.h; path = DrawRectDemoOneView.h; sourceTree = "<group>"; };
		0441D35A1DF3CF8B0031D599 /* DrawRectDemoOneView.m */ = {isa = PBXFileReference; fileEncoding = 4; lastKnownFileType = sourcecode.c.objc; path = DrawRectDemoOneView.m; sourceTree = "<group>"; };
		0441D3601DF3EE4F0031D599 /* ResizableImageViewController.h */ = {isa = PBXFileReference; fileEncoding = 4; lastKnownFileType = sourcecode.c.h; path = ResizableImageViewController.h; sourceTree = "<group>"; };
		0441D3611DF3EE4F0031D599 /* ResizableImageViewController.m */ = {isa = PBXFileReference; fileEncoding = 4; lastKnownFileType = sourcecode.c.objc; path = ResizableImageViewController.m; sourceTree = "<group>"; };
		0441D3621DF3EE4F0031D599 /* ResizableImageViewController.xib */ = {isa = PBXFileReference; fileEncoding = 4; lastKnownFileType = file.xib; path = ResizableImageViewController.xib; sourceTree = "<group>"; };
		0441D3691DF40F7B0031D599 /* BoundsFrameCenterViewController.h */ = {isa = PBXFileReference; fileEncoding = 4; lastKnownFileType = sourcecode.c.h; path = BoundsFrameCenterViewController.h; sourceTree = "<group>"; };
		0441D36A1DF40F7B0031D599 /* BoundsFrameCenterViewController.m */ = {isa = PBXFileReference; fileEncoding = 4; lastKnownFileType = sourcecode.c.objc; path = BoundsFrameCenterViewController.m; sourceTree = "<group>"; };
		0441D36B1DF40F7B0031D599 /* BoundsFrameCenterViewController.xib */ = {isa = PBXFileReference; fileEncoding = 4; lastKnownFileType = file.xib; path = BoundsFrameCenterViewController.xib; sourceTree = "<group>"; };
		0441D3721DF460530031D599 /* AutoLayout_VFLViewController.h */ = {isa = PBXFileReference; fileEncoding = 4; lastKnownFileType = sourcecode.c.h; path = AutoLayout_VFLViewController.h; sourceTree = "<group>"; };
		0441D3731DF460530031D599 /* AutoLayout_VFLViewController.m */ = {isa = PBXFileReference; fileEncoding = 4; lastKnownFileType = sourcecode.c.objc; path = AutoLayout_VFLViewController.m; sourceTree = "<group>"; };
		0441D3741DF460530031D599 /* AutoLayout_VFLViewController.xib */ = {isa = PBXFileReference; fileEncoding = 4; lastKnownFileType = file.xib; path = AutoLayout_VFLViewController.xib; sourceTree = "<group>"; };
		04CE458B1E7B92430035BBC9 /* ConvertingCoordinatesViewController.h */ = {isa = PBXFileReference; fileEncoding = 4; lastKnownFileType = sourcecode.c.h; path = ConvertingCoordinatesViewController.h; sourceTree = "<group>"; };
		04CE458C1E7B92430035BBC9 /* ConvertingCoordinatesViewController.m */ = {isa = PBXFileReference; fileEncoding = 4; lastKnownFileType = sourcecode.c.objc; path = ConvertingCoordinatesViewController.m; sourceTree = "<group>"; };
		04D9CD741E725B7300F80E30 /* AutoLayoutViewController.h */ = {isa = PBXFileReference; fileEncoding = 4; lastKnownFileType = sourcecode.c.h; path = AutoLayoutViewController.h; sourceTree = "<group>"; };
		04D9CD751E725B7300F80E30 /* AutoLayoutViewController.m */ = {isa = PBXFileReference; fileEncoding = 4; lastKnownFileType = sourcecode.c.objc; path = AutoLayoutViewController.m; sourceTree = "<group>"; };
/* End PBXFileReference section */

/* Begin PBXFrameworksBuildPhase section */
		0441D3111DF3C5880031D599 /* Frameworks */ = {
			isa = PBXFrameworksBuildPhase;
			buildActionMask = 2147483647;
			files = (
			);
			runOnlyForDeploymentPostprocessing = 0;
		};
		0441D32A1DF3C5880031D599 /* Frameworks */ = {
			isa = PBXFrameworksBuildPhase;
			buildActionMask = 2147483647;
			files = (
			);
			runOnlyForDeploymentPostprocessing = 0;
		};
		0441D3351DF3C5880031D599 /* Frameworks */ = {
			isa = PBXFrameworksBuildPhase;
			buildActionMask = 2147483647;
			files = (
			);
			runOnlyForDeploymentPostprocessing = 0;
		};
/* End PBXFrameworksBuildPhase section */

/* Begin PBXGroup section */
		0418AD511E8E0A05007D8A00 /* ProgrammaticallyCreatingConstraints */ = {
			isa = PBXGroup;
			children = (
				0418AD521E8E0A05007D8A00 /* LayoutAnchors */,
				0418AD531E8E0A05007D8A00 /* NSLayoutConstraint */,
				0418AD541E8E0A05007D8A00 /* VisualFormatLanguage */,
				0418AD551E8E0A16007D8A00 /* ProgrammaticallyCreatingConstraints.h */,
				0418AD561E8E0A16007D8A00 /* ProgrammaticallyCreatingConstraints.m */,
				0418AD671E8E3170007D8A00 /* ProgrammaticallyCreatingConstraints.xib */,
			);
			path = ProgrammaticallyCreatingConstraints;
			sourceTree = "<group>";
		};
		0418AD521E8E0A05007D8A00 /* LayoutAnchors */ = {
			isa = PBXGroup;
			children = (
				0418AD5A1E8E0B9A007D8A00 /* LayoutAnchorsViewController.h */,
				0418AD5B1E8E0B9A007D8A00 /* LayoutAnchorsViewController.m */,
			);
			path = LayoutAnchors;
			sourceTree = "<group>";
		};
		0418AD531E8E0A05007D8A00 /* NSLayoutConstraint */ = {
			isa = PBXGroup;
			children = (
				0418AD5D1E8E0BA6007D8A00 /* NSLayoutConstraintViewController.h */,
				0418AD5E1E8E0BA6007D8A00 /* NSLayoutConstraintViewController.m */,
			);
			path = NSLayoutConstraint;
			sourceTree = "<group>";
		};
		0418AD541E8E0A05007D8A00 /* VisualFormatLanguage */ = {
			isa = PBXGroup;
			children = (
				0418AD601E8E0BB7007D8A00 /* VisualFormatLanguageViewController.h */,
				0418AD611E8E0BB7007D8A00 /* VisualFormatLanguageViewController.m */,
			);
			path = VisualFormatLanguage;
			sourceTree = "<group>";
		};
		0441D30B1DF3C5880031D599 = {
			isa = PBXGroup;
			children = (
				0441D3161DF3C5880031D599 /* AboutUIView */,
				0441D3301DF3C5880031D599 /* AboutUIViewTests */,
				0441D33B1DF3C5880031D599 /* AboutUIViewUITests */,
				0441D3151DF3C5880031D599 /* Products */,
			);
			sourceTree = "<group>";
		};
		0441D3151DF3C5880031D599 /* Products */ = {
			isa = PBXGroup;
			children = (
				0441D3141DF3C5880031D599 /* AboutUIView.app */,
				0441D32D1DF3C5880031D599 /* AboutUIViewTests.xctest */,
				0441D3381DF3C5880031D599 /* AboutUIViewUITests.xctest */,
			);
			name = Products;
			sourceTree = "<group>";
		};
		0441D3161DF3C5880031D599 /* AboutUIView */ = {
			isa = PBXGroup;
			children = (
				0418AD511E8E0A05007D8A00 /* ProgrammaticallyCreatingConstraints */,
				04CE458A1E7B92310035BBC9 /* ConvertingCoordinates */,
				04D9CD731E725B4500F80E30 /* AutoLayout */,
				0441D36E1DF460310031D599 /* AutoLayout_VFL */,
				0441D3651DF40F620031D599 /* BoundsFrameCenter */,
				0441D35C1DF3EE330031D599 /* ResizableImage */,
				0441D34D1DF3C7820031D599 /* DrawRectMethod */,
				0441D31A1DF3C5880031D599 /* AppDelegate.h */,
				0441D31B1DF3C5880031D599 /* AppDelegate.m */,
				0441D3201DF3C5880031D599 /* Main.storyboard */,
				0441D3231DF3C5880031D599 /* Assets.xcassets */,
				0441D3251DF3C5880031D599 /* LaunchScreen.storyboard */,
				0441D3281DF3C5880031D599 /* Info.plist */,
				0441D3171DF3C5880031D599 /* Supporting Files */,
				0441D34A1DF3C6000031D599 /* HomeTableViewController.h */,
				0441D34B1DF3C6000031D599 /* HomeTableViewController.m */,
			);
			path = AboutUIView;
			sourceTree = "<group>";
		};
		0441D3171DF3C5880031D599 /* Supporting Files */ = {
			isa = PBXGroup;
			children = (
				0441D3181DF3C5880031D599 /* main.m */,
			);
			name = "Supporting Files";
			sourceTree = "<group>";
		};
		0441D3301DF3C5880031D599 /* AboutUIViewTests */ = {
			isa = PBXGroup;
			children = (
				0441D3311DF3C5880031D599 /* AboutUIViewTests.m */,
				0441D3331DF3C5880031D599 /* Info.plist */,
			);
			path = AboutUIViewTests;
			sourceTree = "<group>";
		};
		0441D33B1DF3C5880031D599 /* AboutUIViewUITests */ = {
			isa = PBXGroup;
			children = (
				0441D33C1DF3C5880031D599 /* AboutUIViewUITests.m */,
				0441D33E1DF3C5880031D599 /* Info.plist */,
			);
			path = AboutUIViewUITests;
			sourceTree = "<group>";
		};
		0441D34D1DF3C7820031D599 /* DrawRectMethod */ = {
			isa = PBXGroup;
			children = (
				0441D34E1DF3C7820031D599 /* Models */,
				0441D34F1DF3C7820031D599 /* ViewControllers */,
				0441D3501DF3C7820031D599 /* Views */,
			);
			path = DrawRectMethod;
			sourceTree = "<group>";
		};
		0441D34E1DF3C7820031D599 /* Models */ = {
			isa = PBXGroup;
			children = (
			);
			path = Models;
			sourceTree = "<group>";
		};
		0441D34F1DF3C7820031D599 /* ViewControllers */ = {
			isa = PBXGroup;
			children = (
				0441D3541DF3C7D40031D599 /* DrawRectMethodViewController.h */,
				0441D3551DF3C7D40031D599 /* DrawRectMethodViewController.m */,
				0441D3561DF3C7D40031D599 /* DrawRectMethodViewController.xib */,
			);
			path = ViewControllers;
			sourceTree = "<group>";
		};
		0441D3501DF3C7820031D599 /* Views */ = {
			isa = PBXGroup;
			children = (
				0441D3591DF3CF8A0031D599 /* DrawRectDemoOneView.h */,
				0441D35A1DF3CF8B0031D599 /* DrawRectDemoOneView.m */,
			);
			path = Views;
			sourceTree = "<group>";
		};
		0441D35C1DF3EE330031D599 /* ResizableImage */ = {
			isa = PBXGroup;
			children = (
				0441D35D1DF3EE330031D599 /* models */,
				0441D35E1DF3EE330031D599 /* ViewControllers */,
				0441D35F1DF3EE330031D599 /* Views */,
			);
			path = ResizableImage;
			sourceTree = "<group>";
		};
		0441D35D1DF3EE330031D599 /* models */ = {
			isa = PBXGroup;
			children = (
			);
			path = models;
			sourceTree = "<group>";
		};
		0441D35E1DF3EE330031D599 /* ViewControllers */ = {
			isa = PBXGroup;
			children = (
				0441D3601DF3EE4F0031D599 /* ResizableImageViewController.h */,
				0441D3611DF3EE4F0031D599 /* ResizableImageViewController.m */,
				0441D3621DF3EE4F0031D599 /* ResizableImageViewController.xib */,
			);
			path = ViewControllers;
			sourceTree = "<group>";
		};
		0441D35F1DF3EE330031D599 /* Views */ = {
			isa = PBXGroup;
			children = (
			);
			path = Views;
			sourceTree = "<group>";
		};
		0441D3651DF40F620031D599 /* BoundsFrameCenter */ = {
			isa = PBXGroup;
			children = (
				0441D3661DF40F620031D599 /* Models */,
				0441D3671DF40F620031D599 /* ViewControllers */,
				0441D3681DF40F620031D599 /* Views */,
			);
			path = BoundsFrameCenter;
			sourceTree = "<group>";
		};
		0441D3661DF40F620031D599 /* Models */ = {
			isa = PBXGroup;
			children = (
			);
			path = Models;
			sourceTree = "<group>";
		};
		0441D3671DF40F620031D599 /* ViewControllers */ = {
			isa = PBXGroup;
			children = (
				0441D3691DF40F7B0031D599 /* BoundsFrameCenterViewController.h */,
				0441D36A1DF40F7B0031D599 /* BoundsFrameCenterViewController.m */,
				0441D36B1DF40F7B0031D599 /* BoundsFrameCenterViewController.xib */,
			);
			path = ViewControllers;
			sourceTree = "<group>";
		};
		0441D3681DF40F620031D599 /* Views */ = {
			isa = PBXGroup;
			children = (
			);
			path = Views;
			sourceTree = "<group>";
		};
		0441D36E1DF460310031D599 /* AutoLayout_VFL */ = {
			isa = PBXGroup;
			children = (
				0441D36F1DF460310031D599 /* Models */,
				0441D3701DF460310031D599 /* ViewControllers */,
				0441D3711DF460310031D599 /* Views */,
			);
			path = AutoLayout_VFL;
			sourceTree = "<group>";
		};
		0441D36F1DF460310031D599 /* Models */ = {
			isa = PBXGroup;
			children = (
			);
			path = Models;
			sourceTree = "<group>";
		};
		0441D3701DF460310031D599 /* ViewControllers */ = {
			isa = PBXGroup;
			children = (
				0441D3721DF460530031D599 /* AutoLayout_VFLViewController.h */,
				0441D3731DF460530031D599 /* AutoLayout_VFLViewController.m */,
				0441D3741DF460530031D599 /* AutoLayout_VFLViewController.xib */,
			);
			path = ViewControllers;
			sourceTree = "<group>";
		};
		0441D3711DF460310031D599 /* Views */ = {
			isa = PBXGroup;
			children = (
			);
			path = Views;
			sourceTree = "<group>";
		};
		04CE458A1E7B92310035BBC9 /* ConvertingCoordinates */ = {
			isa = PBXGroup;
			children = (
				04CE458B1E7B92430035BBC9 /* ConvertingCoordinatesViewController.h */,
				04CE458C1E7B92430035BBC9 /* ConvertingCoordinatesViewController.m */,
			);
			path = ConvertingCoordinates;
			sourceTree = "<group>";
		};
		04D9CD731E725B4500F80E30 /* AutoLayout */ = {
			isa = PBXGroup;
			children = (
				04D9CD741E725B7300F80E30 /* AutoLayoutViewController.h */,
				04D9CD751E725B7300F80E30 /* AutoLayoutViewController.m */,
			);
			path = AutoLayout;
			sourceTree = "<group>";
		};
/* End PBXGroup section */

/* Begin PBXNativeTarget section */
		0441D3131DF3C5880031D599 /* AboutUIView */ = {
			isa = PBXNativeTarget;
			buildConfigurationList = 0441D3411DF3C5880031D599 /* Build configuration list for PBXNativeTarget "AboutUIView" */;
			buildPhases = (
				0441D3101DF3C5880031D599 /* Sources */,
				0441D3111DF3C5880031D599 /* Frameworks */,
				0441D3121DF3C5880031D599 /* Resources */,
			);
			buildRules = (
			);
			dependencies = (
			);
			name = AboutUIView;
			productName = AboutUIView;
			productReference = 0441D3141DF3C5880031D599 /* AboutUIView.app */;
			productType = "com.apple.product-type.application";
		};
		0441D32C1DF3C5880031D599 /* AboutUIViewTests */ = {
			isa = PBXNativeTarget;
			buildConfigurationList = 0441D3441DF3C5880031D599 /* Build configuration list for PBXNativeTarget "AboutUIViewTests" */;
			buildPhases = (
				0441D3291DF3C5880031D599 /* Sources */,
				0441D32A1DF3C5880031D599 /* Frameworks */,
				0441D32B1DF3C5880031D599 /* Resources */,
			);
			buildRules = (
			);
			dependencies = (
				0441D32F1DF3C5880031D599 /* PBXTargetDependency */,
			);
			name = AboutUIViewTests;
			productName = AboutUIViewTests;
			productReference = 0441D32D1DF3C5880031D599 /* AboutUIViewTests.xctest */;
			productType = "com.apple.product-type.bundle.unit-test";
		};
		0441D3371DF3C5880031D599 /* AboutUIViewUITests */ = {
			isa = PBXNativeTarget;
			buildConfigurationList = 0441D3471DF3C5880031D599 /* Build configuration list for PBXNativeTarget "AboutUIViewUITests" */;
			buildPhases = (
				0441D3341DF3C5880031D599 /* Sources */,
				0441D3351DF3C5880031D599 /* Frameworks */,
				0441D3361DF3C5880031D599 /* Resources */,
			);
			buildRules = (
			);
			dependencies = (
				0441D33A1DF3C5880031D599 /* PBXTargetDependency */,
			);
			name = AboutUIViewUITests;
			productName = AboutUIViewUITests;
			productReference = 0441D3381DF3C5880031D599 /* AboutUIViewUITests.xctest */;
			productType = "com.apple.product-type.bundle.ui-testing";
		};
/* End PBXNativeTarget section */

/* Begin PBXProject section */
		0441D30C1DF3C5880031D599 /* Project object */ = {
			isa = PBXProject;
			attributes = {
				LastUpgradeCheck = 0810;
				ORGANIZATIONNAME = mac;
				TargetAttributes = {
					0441D3131DF3C5880031D599 = {
						CreatedOnToolsVersion = 8.1;
						DevelopmentTeam = 2N3LY2CR7S;
						ProvisioningStyle = Automatic;
					};
					0441D32C1DF3C5880031D599 = {
						CreatedOnToolsVersion = 8.1;
						DevelopmentTeam = 2N3LY2CR7S;
						ProvisioningStyle = Automatic;
						TestTargetID = 0441D3131DF3C5880031D599;
					};
					0441D3371DF3C5880031D599 = {
						CreatedOnToolsVersion = 8.1;
						DevelopmentTeam = 2N3LY2CR7S;
						ProvisioningStyle = Automatic;
						TestTargetID = 0441D3131DF3C5880031D599;
					};
				};
			};
			buildConfigurationList = 0441D30F1DF3C5880031D599 /* Build configuration list for PBXProject "AboutUIView" */;
			compatibilityVersion = "Xcode 3.2";
			developmentRegion = English;
			hasScannedForEncodings = 0;
			knownRegions = (
				en,
				Base,
			);
			mainGroup = 0441D30B1DF3C5880031D599;
			productRefGroup = 0441D3151DF3C5880031D599 /* Products */;
			projectDirPath = "";
			projectRoot = "";
			targets = (
				0441D3131DF3C5880031D599 /* AboutUIView */,
				0441D32C1DF3C5880031D599 /* AboutUIViewTests */,
				0441D3371DF3C5880031D599 /* AboutUIViewUITests */,
			);
		};
/* End PBXProject section */

/* Begin PBXResourcesBuildPhase section */
		0441D3121DF3C5880031D599 /* Resources */ = {
			isa = PBXResourcesBuildPhase;
			buildActionMask = 2147483647;
			files = (
				0441D3271DF3C5880031D599 /* LaunchScreen.storyboard in Resources */,
				0441D3761DF460530031D599 /* AutoLayout_VFLViewController.xib in Resources */,
				0441D3241DF3C5880031D599 /* Assets.xcassets in Resources */,
				0441D3581DF3C7D40031D599 /* DrawRectMethodViewController.xib in Resources */,
				0441D3641DF3EE4F0031D599 /* ResizableImageViewController.xib in Resources */,
				0418AD681E8E3170007D8A00 /* ProgrammaticallyCreatingConstraints.xib in Resources */,
				0441D36D1DF40F7B0031D599 /* BoundsFrameCenterViewController.xib in Resources */,
				0441D3221DF3C5880031D599 /* Main.storyboard in Resources */,
			);
			runOnlyForDeploymentPostprocessing = 0;
		};
		0441D32B1DF3C5880031D599 /* Resources */ = {
			isa = PBXResourcesBuildPhase;
			buildActionMask = 2147483647;
			files = (
			);
			runOnlyForDeploymentPostprocessing = 0;
		};
		0441D3361DF3C5880031D599 /* Resources */ = {
			isa = PBXResourcesBuildPhase;
			buildActionMask = 2147483647;
			files = (
			);
			runOnlyForDeploymentPostprocessing = 0;
		};
/* End PBXResourcesBuildPhase section */

/* Begin PBXSourcesBuildPhase section */
		0441D3101DF3C5880031D599 /* Sources */ = {
			isa = PBXSourcesBuildPhase;
			buildActionMask = 2147483647;
			files = (
				0441D31C1DF3C5880031D599 /* AppDelegate.m in Sources */,
				0418AD5F1E8E0BA6007D8A00 /* NSLayoutConstraintViewController.m in Sources */,
				0441D36C1DF40F7B0031D599 /* BoundsFrameCenterViewController.m in Sources */,
				0441D3571DF3C7D40031D599 /* DrawRectMethodViewController.m in Sources */,
				0418AD5C1E8E0B9A007D8A00 /* LayoutAnchorsViewController.m in Sources */,
				0441D3631DF3EE4F0031D599 /* ResizableImageViewController.m in Sources */,
				0441D3751DF460530031D599 /* AutoLayout_VFLViewController.m in Sources */,
				0418AD571E8E0A16007D8A00 /* ProgrammaticallyCreatingConstraints.m in Sources */,
				0441D34C1DF3C6000031D599 /* HomeTableViewController.m in Sources */,
				0418AD621E8E0BB7007D8A00 /* VisualFormatLanguageViewController.m in Sources */,
				04D9CD761E725B7300F80E30 /* AutoLayoutViewController.m in Sources */,
				04CE458D1E7B92430035BBC9 /* ConvertingCoordinatesViewController.m in Sources */,
				0441D35B1DF3CF8B0031D599 /* DrawRectDemoOneView.m in Sources */,
				0441D3191DF3C5880031D599 /* main.m in Sources */,
			);
			runOnlyForDeploymentPostprocessing = 0;
		};
		0441D3291DF3C5880031D599 /* Sources */ = {
			isa = PBXSourcesBuildPhase;
			buildActionMask = 2147483647;
			files = (
				0441D3321DF3C5880031D599 /* AboutUIViewTests.m in Sources */,
			);
			runOnlyForDeploymentPostprocessing = 0;
		};
		0441D3341DF3C5880031D599 /* Sources */ = {
			isa = PBXSourcesBuildPhase;
			buildActionMask = 2147483647;
			files = (
				0441D33D1DF3C5880031D599 /* AboutUIViewUITests.m in Sources */,
			);
			runOnlyForDeploymentPostprocessing = 0;
		};
/* End PBXSourcesBuildPhase section */

/* Begin PBXTargetDependency section */
		0441D32F1DF3C5880031D599 /* PBXTargetDependency */ = {
			isa = PBXTargetDependency;
			target = 0441D3131DF3C5880031D599 /* AboutUIView */;
			targetProxy = 0441D32E1DF3C5880031D599 /* PBXContainerItemProxy */;
		};
		0441D33A1DF3C5880031D599 /* PBXTargetDependency */ = {
			isa = PBXTargetDependency;
			target = 0441D3131DF3C5880031D599 /* AboutUIView */;
			targetProxy = 0441D3391DF3C5880031D599 /* PBXContainerItemProxy */;
		};
/* End PBXTargetDependency section */

/* Begin PBXVariantGroup section */
		0441D3201DF3C5880031D599 /* Main.storyboard */ = {
			isa = PBXVariantGroup;
			children = (
				0441D3211DF3C5880031D599 /* Base */,
			);
			name = Main.storyboard;
			sourceTree = "<group>";
		};
		0441D3251DF3C5880031D599 /* LaunchScreen.storyboard */ = {
			isa = PBXVariantGroup;
			children = (
				0441D3261DF3C5880031D599 /* Base */,
			);
			name = LaunchScreen.storyboard;
			sourceTree = "<group>";
		};
/* End PBXVariantGroup section */

/* Begin XCBuildConfiguration section */
		0441D33F1DF3C5880031D599 /* Debug */ = {
			isa = XCBuildConfiguration;
			buildSettings = {
				ALWAYS_SEARCH_USER_PATHS = NO;
				CLANG_ANALYZER_NONNULL = YES;
				CLANG_CXX_LANGUAGE_STANDARD = "gnu++0x";
				CLANG_CXX_LIBRARY = "libc++";
				CLANG_ENABLE_MODULES = YES;
				CLANG_ENABLE_OBJC_ARC = YES;
				CLANG_WARN_BOOL_CONVERSION = YES;
				CLANG_WARN_CONSTANT_CONVERSION = YES;
				CLANG_WARN_DIRECT_OBJC_ISA_USAGE = YES_ERROR;
				CLANG_WARN_DOCUMENTATION_COMMENTS = YES;
				CLANG_WARN_EMPTY_BODY = YES;
				CLANG_WARN_ENUM_CONVERSION = YES;
				CLANG_WARN_INFINITE_RECURSION = YES;
				CLANG_WARN_INT_CONVERSION = YES;
				CLANG_WARN_OBJC_ROOT_CLASS = YES_ERROR;
				CLANG_WARN_SUSPICIOUS_MOVES = YES;
				CLANG_WARN_UNREACHABLE_CODE = YES;
				CLANG_WARN__DUPLICATE_METHOD_MATCH = YES;
				"CODE_SIGN_IDENTITY[sdk=iphoneos*]" = "iPhone Developer";
				COPY_PHASE_STRIP = NO;
				DEBUG_INFORMATION_FORMAT = dwarf;
				ENABLE_STRICT_OBJC_MSGSEND = YES;
				ENABLE_TESTABILITY = YES;
				GCC_C_LANGUAGE_STANDARD = gnu99;
				GCC_DYNAMIC_NO_PIC = NO;
				GCC_NO_COMMON_BLOCKS = YES;
				GCC_OPTIMIZATION_LEVEL = 0;
				GCC_PREPROCESSOR_DEFINITIONS = (
					"DEBUG=1",
					"$(inherited)",
				);
				GCC_WARN_64_TO_32_BIT_CONVERSION = YES;
				GCC_WARN_ABOUT_RETURN_TYPE = YES_ERROR;
				GCC_WARN_UNDECLARED_SELECTOR = YES;
				GCC_WARN_UNINITIALIZED_AUTOS = YES_AGGRESSIVE;
				GCC_WARN_UNUSED_FUNCTION = YES;
				GCC_WARN_UNUSED_VARIABLE = YES;
				IPHONEOS_DEPLOYMENT_TARGET = 10.1;
				MTL_ENABLE_DEBUG_INFO = YES;
				ONLY_ACTIVE_ARCH = YES;
				SDKROOT = iphoneos;
			};
			name = Debug;
		};
		0441D3401DF3C5880031D599 /* Release */ = {
			isa = XCBuildConfiguration;
			buildSettings = {
				ALWAYS_SEARCH_USER_PATHS = NO;
				CLANG_ANALYZER_NONNULL = YES;
				CLANG_CXX_LANGUAGE_STANDARD = "gnu++0x";
				CLANG_CXX_LIBRARY = "libc++";
				CLANG_ENABLE_MODULES = YES;
				CLANG_ENABLE_OBJC_ARC = YES;
				CLANG_WARN_BOOL_CONVERSION = YES;
				CLANG_WARN_CONSTANT_CONVERSION = YES;
				CLANG_WARN_DIRECT_OBJC_ISA_USAGE = YES_ERROR;
				CLANG_WARN_DOCUMENTATION_COMMENTS = YES;
				CLANG_WARN_EMPTY_BODY = YES;
				CLANG_WARN_ENUM_CONVERSION = YES;
				CLANG_WARN_INFINITE_RECURSION = YES;
				CLANG_WARN_INT_CONVERSION = YES;
				CLANG_WARN_OBJC_ROOT_CLASS = YES_ERROR;
				CLANG_WARN_SUSPICIOUS_MOVES = YES;
				CLANG_WARN_UNREACHABLE_CODE = YES;
				CLANG_WARN__DUPLICATE_METHOD_MATCH = YES;
				"CODE_SIGN_IDENTITY[sdk=iphoneos*]" = "iPhone Developer";
				COPY_PHASE_STRIP = NO;
				DEBUG_INFORMATION_FORMAT = "dwarf-with-dsym";
				ENABLE_NS_ASSERTIONS = NO;
				ENABLE_STRICT_OBJC_MSGSEND = YES;
				GCC_C_LANGUAGE_STANDARD = gnu99;
				GCC_NO_COMMON_BLOCKS = YES;
				GCC_WARN_64_TO_32_BIT_CONVERSION = YES;
				GCC_WARN_ABOUT_RETURN_TYPE = YES_ERROR;
				GCC_WARN_UNDECLARED_SELECTOR = YES;
				GCC_WARN_UNINITIALIZED_AUTOS = YES_AGGRESSIVE;
				GCC_WARN_UNUSED_FUNCTION = YES;
				GCC_WARN_UNUSED_VARIABLE = YES;
				IPHONEOS_DEPLOYMENT_TARGET = 10.1;
				MTL_ENABLE_DEBUG_INFO = NO;
				SDKROOT = iphoneos;
				VALIDATE_PRODUCT = YES;
			};
			name = Release;
		};
		0441D3421DF3C5880031D599 /* Debug */ = {
			isa = XCBuildConfiguration;
			buildSettings = {
				ASSETCATALOG_COMPILER_APPICON_NAME = AppIcon;
				DEVELOPMENT_TEAM = 2N3LY2CR7S;
				INFOPLIST_FILE = AboutUIView/Info.plist;
				LD_RUNPATH_SEARCH_PATHS = "$(inherited) @executable_path/Frameworks";
				PRODUCT_BUNDLE_IDENTIFIER = wbb.AboutUIView;
				PRODUCT_NAME = "$(TARGET_NAME)";
			};
			name = Debug;
		};
		0441D3431DF3C5880031D599 /* Release */ = {
			isa = XCBuildConfiguration;
			buildSettings = {
				ASSETCATALOG_COMPILER_APPICON_NAME = AppIcon;
				DEVELOPMENT_TEAM = 2N3LY2CR7S;
				INFOPLIST_FILE = AboutUIView/Info.plist;
				LD_RUNPATH_SEARCH_PATHS = "$(inherited) @executable_path/Frameworks";
				PRODUCT_BUNDLE_IDENTIFIER = wbb.AboutUIView;
				PRODUCT_NAME = "$(TARGET_NAME)";
			};
			name = Release;
		};
		0441D3451DF3C5880031D599 /* Debug */ = {
			isa = XCBuildConfiguration;
			buildSettings = {
				BUNDLE_LOADER = "$(TEST_HOST)";
				DEVELOPMENT_TEAM = 2N3LY2CR7S;
				INFOPLIST_FILE = AboutUIViewTests/Info.plist;
				LD_RUNPATH_SEARCH_PATHS = "$(inherited) @executable_path/Frameworks @loader_path/Frameworks";
				PRODUCT_BUNDLE_IDENTIFIER = wbb.AboutUIViewTests;
				PRODUCT_NAME = "$(TARGET_NAME)";
				TEST_HOST = "$(BUILT_PRODUCTS_DIR)/AboutUIView.app/AboutUIView";
			};
			name = Debug;
		};
		0441D3461DF3C5880031D599 /* Release */ = {
			isa = XCBuildConfiguration;
			buildSettings = {
				BUNDLE_LOADER = "$(TEST_HOST)";
				DEVELOPMENT_TEAM = 2N3LY2CR7S;
				INFOPLIST_FILE = AboutUIViewTests/Info.plist;
				LD_RUNPATH_SEARCH_PATHS = "$(inherited) @executable_path/Frameworks @loader_path/Frameworks";
				PRODUCT_BUNDLE_IDENTIFIER = wbb.AboutUIViewTests;
				PRODUCT_NAME = "$(TARGET_NAME)";
				TEST_HOST = "$(BUILT_PRODUCTS_DIR)/AboutUIView.app/AboutUIView";
			};
			name = Release;
		};
		0441D3481DF3C5880031D599 /* Debug */ = {
			isa = XCBuildConfiguration;
			buildSettings = {
				DEVELOPMENT_TEAM = 2N3LY2CR7S;
				INFOPLIST_FILE = AboutUIViewUITests/Info.plist;
				LD_RUNPATH_SEARCH_PATHS = "$(inherited) @executable_path/Frameworks @loader_path/Frameworks";
				PRODUCT_BUNDLE_IDENTIFIER = wbb.AboutUIViewUITests;
				PRODUCT_NAME = "$(TARGET_NAME)";
				TEST_TARGET_NAME = AboutUIView;
			};
			name = Debug;
		};
		0441D3491DF3C5880031D599 /* Release */ = {
			isa = XCBuildConfiguration;
			buildSettings = {
				DEVELOPMENT_TEAM = 2N3LY2CR7S;
				INFOPLIST_FILE = AboutUIViewUITests/Info.plist;
				LD_RUNPATH_SEARCH_PATHS = "$(inherited) @executable_path/Frameworks @loader_path/Frameworks";
				PRODUCT_BUNDLE_IDENTIFIER = wbb.AboutUIViewUITests;
				PRODUCT_NAME = "$(TARGET_NAME)";
				TEST_TARGET_NAME = AboutUIView;
			};
			name = Release;
		};
/* End XCBuildConfiguration section */

/* Begin XCConfigurationList section */
		0441D30F1DF3C5880031D599 /* Build configuration list for PBXProject "AboutUIView" */ = {
			isa = XCConfigurationList;
			buildConfigurations = (
				0441D33F1DF3C5880031D599 /* Debug */,
				0441D3401DF3C5880031D599 /* Release */,
			);
			defaultConfigurationIsVisible = 0;
			defaultConfigurationName = Release;
		};
		0441D3411DF3C5880031D599 /* Build configuration list for PBXNativeTarget "AboutUIView" */ = {
			isa = XCConfigurationList;
			buildConfigurations = (
				0441D3421DF3C5880031D599 /* Debug */,
				0441D3431DF3C5880031D599 /* Release */,
			);
			defaultConfigurationIsVisible = 0;
			defaultConfigurationName = Release;
		};
		0441D3441DF3C5880031D599 /* Build configuration list for PBXNativeTarget "AboutUIViewTests" */ = {
			isa = XCConfigurationList;
			buildConfigurations = (
				0441D3451DF3C5880031D599 /* Debug */,
				0441D3461DF3C5880031D599 /* Release */,
			);
			defaultConfigurationIsVisible = 0;
			defaultConfigurationName = Release;
		};
		0441D3471DF3C5880031D599 /* Build configuration list for PBXNativeTarget "AboutUIViewUITests" */ = {
			isa = XCConfigurationList;
			buildConfigurations = (
				0441D3481DF3C5880031D599 /* Debug */,
				0441D3491DF3C5880031D599 /* Release */,
			);
			defaultConfigurationIsVisible = 0;
			defaultConfigurationName = Release;
		};
/* End XCConfigurationList section */
	};
	rootObject = 0441D30C1DF3C5880031D599 /* Project object */;
}
